<Solution>
  <Folder Name="/src/">
    <Project Path="ArtGallery.Domain/ArtGallery.Domain.csproj" />
    <Project Path="ArtGallery.Application/ArtGallery.Application.csproj" />
    <Project Path="ArtGallery.Infrastructure/ArtGallery.Infrastructure.csproj" />
    <Project Path="ArtGallery.API/ArtGallery.API.csproj" />
  </Folder>
</Solution>
